
Microsoft Visual Studio Solution File, Format Version 12.00
# Visual Studio Version 16
VisualStudioVersion = 16.0.30717.126
MinimumVisualStudioVersion = 10.0.40219.1
Project("{FAE04EC0-301F-11D3-BF4B-00C04F79EFBC}") = "Kalkulator", "Kalkulator\Kalkulator.csproj", "{AD490E32-23FB-432F-9A2E-2F7F2D6D8908}"
EndProject
Project("{FAE04EC0-301F-11D3-BF4B-00C04F79EFBC}") = "Testy_kalkulator", "Testy_kalkulator\Testy_kalkulator\Testy_kalkulator.csproj", "{FA019603-FDAF-4EF8-BBBA-A11103905CCD}"
EndProject
Global
	GlobalSection(SolutionConfigurationPlatforms) = preSolution
		Debug|Any CPU = Debug|Any CPU
		Release|Any CPU = Release|Any CPU
	EndGlobalSection
	GlobalSection(ProjectConfigurationPlatforms) = postSolution
		{AD490E32-23FB-432F-9A2E-2F7F2D6D8908}.Debug|Any CPU.ActiveCfg = Debug|Any CPU
		{AD490E32-23FB-432F-9A2E-2F7F2D6D8908}.Debug|Any CPU.Build.0 = Debug|Any CPU
		{AD490E32-23FB-432F-9A2E-2F7F2D6D8908}.Release|Any CPU.ActiveCfg = Release|Any CPU
		{AD490E32-23FB-432F-9A2E-2F7F2D6D8908}.Release|Any CPU.Build.0 = Release|Any CPU
		{FA019603-FDAF-4EF8-BBBA-A11103905CCD}.Debug|Any CPU.ActiveCfg = Debug|Any CPU
		{FA019603-FDAF-4EF8-BBBA-A11103905CCD}.Debug|Any CPU.Build.0 = Debug|Any CPU
		{FA019603-FDAF-4EF8-BBBA-A11103905CCD}.Release|Any CPU.ActiveCfg = Release|Any CPU
		{FA019603-FDAF-4EF8-BBBA-A11103905CCD}.Release|Any CPU.Build.0 = Release|Any CPU
	EndGlobalSection
	GlobalSection(SolutionProperties) = preSolution
		HideSolutionNode = FALSE
	EndGlobalSection
	GlobalSection(ExtensibilityGlobals) = postSolution
		SolutionGuid = {BFA940F0-376E-44F3-BC96-7EB67071F9C6}
	EndGlobalSection
EndGlobal
